// !$*UTF8*$!
{
	archiveVersion = 1;
	classes = {
	};
	objectVersion = 50;
	objects = {

/* Begin PBXBuildFile section */
		1D63AD8C238CF6A6003AABE3 /* AppDelegate.swift in Sources */ = {isa = PBXBuildFile; fileRef = 1D63AD8B238CF6A6003AABE3 /* AppDelegate.swift */; };
		1D63AD8E238CF6A6003AABE3 /* SceneDelegate.swift in Sources */ = {isa = PBXBuildFile; fileRef = 1D63AD8D238CF6A6003AABE3 /* SceneDelegate.swift */; };
		1D63AD90238CF6A6003AABE3 /* ViewController.swift in Sources */ = {isa = PBXBuildFile; fileRef = 1D63AD8F238CF6A6003AABE3 /* ViewController.swift */; };
		1D63AD93238CF6A6003AABE3 /* Main.storyboard in Resources */ = {isa = PBXBuildFile; fileRef = 1D63AD91238CF6A6003AABE3 /* Main.storyboard */; };
		1D63AD95238CF6A7003AABE3 /* Assets.xcassets in Resources */ = {isa = PBXBuildFile; fileRef = 1D63AD94238CF6A7003AABE3 /* Assets.xcassets */; };
		1D63AD98238CF6A7003AABE3 /* LaunchScreen.storyboard in Resources */ = {isa = PBXBuildFile; fileRef = 1D63AD96238CF6A7003AABE3 /* LaunchScreen.storyboard */; };
		1D63ADA1238CF782003AABE3 /* QuartzCore.framework in Frameworks */ = {isa = PBXBuildFile; fileRef = 1D63ADA0238CF782003AABE3 /* QuartzCore.framework */; };
		1D63ADA5239509B9003AABE3 /* SelectOptionView.swift in Sources */ = {isa = PBXBuildFile; fileRef = 1D63ADA4239509B9003AABE3 /* SelectOptionView.swift */; };
		1D63ADA72396659E003AABE3 /* GuideViewController.swift in Sources */ = {isa = PBXBuildFile; fileRef = 1D63ADA62396659E003AABE3 /* GuideViewController.swift */; };
		1D63ADA923966727003AABE3 /* BaseViewController.swift in Sources */ = {isa = PBXBuildFile; fileRef = 1D63ADA823966727003AABE3 /* BaseViewController.swift */; };
		1D63ADAB23966932003AABE3 /* Const.swift in Sources */ = {isa = PBXBuildFile; fileRef = 1D63ADAA23966932003AABE3 /* Const.swift */; };
		1D63ADAF23990FC3003AABE3 /* AnimationViewController.swift in Sources */ = {isa = PBXBuildFile; fileRef = 1D63ADAE23990FC3003AABE3 /* AnimationViewController.swift */; };
		1D63ADB223991081003AABE3 /* CABaseAnimationViewController.swift in Sources */ = {isa = PBXBuildFile; fileRef = 1D63ADB123991081003AABE3 /* CABaseAnimationViewController.swift */; };
		1D63ADB423991198003AABE3 /* CATransitionViewController.swift in Sources */ = {isa = PBXBuildFile; fileRef = 1D63ADB323991198003AABE3 /* CATransitionViewController.swift */; };
/* End PBXBuildFile section */

/* Begin PBXFileReference section */
		1D63AD88238CF6A6003AABE3 /* CoreAnimationDemo.app */ = {isa = PBXFileReference; explicitFileType = wrapper.application; includeInIndex = 0; path = CoreAnimationDemo.app; sourceTree = BUILT_PRODUCTS_DIR; };
		1D63AD8B238CF6A6003AABE3 /* AppDelegate.swift */ = {isa = PBXFileReference; lastKnownFileType = sourcecode.swift; path = AppDelegate.swift; sourceTree = "<group>"; };
		1D63AD8D238CF6A6003AABE3 /* SceneDelegate.swift */ = {isa = PBXFileReference; lastKnownFileType = sourcecode.swift; path = SceneDelegate.swift; sourceTree = "<group>"; };
		1D63AD8F238CF6A6003AABE3 /* ViewController.swift */ = {isa = PBXFileReference; lastKnownFileType = sourcecode.swift; path = ViewController.swift; sourceTree = "<group>"; };
		1D63AD92238CF6A6003AABE3 /* Base */ = {isa = PBXFileReference; lastKnownFileType = file.storyboard; name = Base; path = Base.lproj/Main.storyboard; sourceTree = "<group>"; };
		1D63AD94238CF6A7003AABE3 /* Assets.xcassets */ = {isa = PBXFileReference; lastKnownFileType = folder.assetcatalog; path = Assets.xcassets; sourceTree = "<group>"; };
		1D63AD97238CF6A7003AABE3 /* Base */ = {isa = PBXFileReference; lastKnownFileType = file.storyboard; name = Base; path = Base.lproj/LaunchScreen.storyboard; sourceTree = "<group>"; };
		1D63AD99238CF6A7003AABE3 /* Info.plist */ = {isa = PBXFileReference; lastKnownFileType = text.plist.xml; path = Info.plist; sourceTree = "<group>"; };
		1D63ADA0238CF782003AABE3 /* QuartzCore.framework */ = {isa = PBXFileReference; lastKnownFileType = wrapper.framework; name = QuartzCore.framework; path = System/Library/Frameworks/QuartzCore.framework; sourceTree = SDKROOT; };
		1D63ADA4239509B9003AABE3 /* SelectOptionView.swift */ = {isa = PBXFileReference; lastKnownFileType = sourcecode.swift; path = SelectOptionView.swift; sourceTree = "<group>"; };
		1D63ADA62396659E003AABE3 /* GuideViewController.swift */ = {isa = PBXFileReference; lastKnownFileType = sourcecode.swift; path = GuideViewController.swift; sourceTree = "<group>"; };
		1D63ADA823966727003AABE3 /* BaseViewController.swift */ = {isa = PBXFileReference; lastKnownFileType = sourcecode.swift; path = BaseViewController.swift; sourceTree = "<group>"; };
		1D63ADAA23966932003AABE3 /* Const.swift */ = {isa = PBXFileReference; lastKnownFileType = sourcecode.swift; path = Const.swift; sourceTree = "<group>"; };
		1D63ADAE23990FC3003AABE3 /* AnimationViewController.swift */ = {isa = PBXFileReference; lastKnownFileType = sourcecode.swift; path = AnimationViewController.swift; sourceTree = "<group>"; };
		1D63ADB123991081003AABE3 /* CABaseAnimationViewController.swift */ = {isa = PBXFileReference; lastKnownFileType = sourcecode.swift; path = CABaseAnimationViewController.swift; sourceTree = "<group>"; };
		1D63ADB323991198003AABE3 /* CATransitionViewController.swift */ = {isa = PBXFileReference; lastKnownFileType = sourcecode.swift; path = CATransitionViewController.swift; sourceTree = "<group>"; };
/* End PBXFileReference section */

/* Begin PBXFrameworksBuildPhase section */
		1D63AD85238CF6A6003AABE3 /* Frameworks */ = {
			isa = PBXFrameworksBuildPhase;
			buildActionMask = 2147483647;
			files = (
				1D63ADA1238CF782003AABE3 /* QuartzCore.framework in Frameworks */,
			);
			runOnlyForDeploymentPostprocessing = 0;
		};
/* End PBXFrameworksBuildPhase section */

/* Begin PBXGroup section */
		1D63AD7F238CF6A6003AABE3 = {
			isa = PBXGroup;
			children = (
				1D63AD8A238CF6A6003AABE3 /* CoreAnimationDemo */,
				1D63AD89238CF6A6003AABE3 /* Products */,
				1D63AD9F238CF782003AABE3 /* Frameworks */,
			);
			sourceTree = "<group>";
		};
		1D63AD89238CF6A6003AABE3 /* Products */ = {
			isa = PBXGroup;
			children = (
				1D63AD88238CF6A6003AABE3 /* CoreAnimationDemo.app */,
			);
			name = Products;
			sourceTree = "<group>";
		};
		1D63AD8A238CF6A6003AABE3 /* CoreAnimationDemo */ = {
			isa = PBXGroup;
			children = (
				1D63ADA4239509B9003AABE3 /* SelectOptionView.swift */,
				1D63AD8B238CF6A6003AABE3 /* AppDelegate.swift */,
				1D63AD8D238CF6A6003AABE3 /* SceneDelegate.swift */,
				1D63AD8F238CF6A6003AABE3 /* ViewController.swift */,
				1D63ADAA23966932003AABE3 /* Const.swift */,
				1D63ADA823966727003AABE3 /* BaseViewController.swift */,
				1D63ADA62396659E003AABE3 /* GuideViewController.swift */,
				1D63ADAE23990FC3003AABE3 /* AnimationViewController.swift */,
				1D63ADB123991081003AABE3 /* CABaseAnimationViewController.swift */,
				1D63ADB323991198003AABE3 /* CATransitionViewController.swift */,
				1D63AD91238CF6A6003AABE3 /* Main.storyboard */,
				1D63AD94238CF6A7003AABE3 /* Assets.xcassets */,
				1D63AD96238CF6A7003AABE3 /* LaunchScreen.storyboard */,
				1D63AD99238CF6A7003AABE3 /* Info.plist */,
			);
			path = CoreAnimationDemo;
			sourceTree = "<group>";
		};
		1D63AD9F238CF782003AABE3 /* Frameworks */ = {
			isa = PBXGroup;
			children = (
				1D63ADA0238CF782003AABE3 /* QuartzCore.framework */,
			);
			name = Frameworks;
			sourceTree = "<group>";
		};
/* End PBXGroup section */

/* Begin PBXNativeTarget section */
		1D63AD87238CF6A6003AABE3 /* CoreAnimationDemo */ = {
			isa = PBXNativeTarget;
			buildConfigurationList = 1D63AD9C238CF6A7003AABE3 /* Build configuration list for PBXNativeTarget "CoreAnimationDemo" */;
			buildPhases = (
				1D63AD84238CF6A6003AABE3 /* Sources */,
				1D63AD85238CF6A6003AABE3 /* Frameworks */,
				1D63AD86238CF6A6003AABE3 /* Resources */,
			);
			buildRules = (
			);
			dependencies = (
			);
			name = CoreAnimationDemo;
			productName = CoreAnimationDemo;
			productReference = 1D63AD88238CF6A6003AABE3 /* CoreAnimationDemo.app */;
			productType = "com.apple.product-type.application";
		};
/* End PBXNativeTarget section */

/* Begin PBXProject section */
		1D63AD80238CF6A6003AABE3 /* Project object */ = {
			isa = PBXProject;
			attributes = {
				LastSwiftUpdateCheck = 1120;
				LastUpgradeCheck = 1120;
				ORGANIZATIONNAME = "郑志强";
				TargetAttributes = {
					1D63AD87238CF6A6003AABE3 = {
						CreatedOnToolsVersion = 11.2.1;
					};
				};
			};
			buildConfigurationList = 1D63AD83238CF6A6003AABE3 /* Build configuration list for PBXProject "CoreAnimationDemo" */;
			compatibilityVersion = "Xcode 9.3";
			developmentRegion = en;
			hasScannedForEncodings = 0;
			knownRegions = (
				en,
				Base,
			);
			mainGroup = 1D63AD7F238CF6A6003AABE3;
			productRefGroup = 1D63AD89238CF6A6003AABE3 /* Products */;
			projectDirPath = "";
			projectRoot = "";
			targets = (
				1D63AD87238CF6A6003AABE3 /* CoreAnimationDemo */,
			);
		};
/* End PBXProject section */

/* Begin PBXResourcesBuildPhase section */
		1D63AD86238CF6A6003AABE3 /* Resources */ = {
			isa = PBXResourcesBuildPhase;
			buildActionMask = 2147483647;
			files = (
				1D63AD98238CF6A7003AABE3 /* LaunchScreen.storyboard in Resources */,
				1D63AD95238CF6A7003AABE3 /* Assets.xcassets in Resources */,
				1D63AD93238CF6A6003AABE3 /* Main.storyboard in Resources */,
			);
			runOnlyForDeploymentPostprocessing = 0;
		};
/* End PBXResourcesBuildPhase section */

/* Begin PBXSourcesBuildPhase section */
		1D63AD84238CF6A6003AABE3 /* Sources */ = {
			isa = PBXSourcesBuildPhase;
			buildActionMask = 2147483647;
			files = (
				1D63ADB223991081003AABE3 /* CABaseAnimationViewController.swift in Sources */,
				1D63ADA5239509B9003AABE3 /* SelectOptionView.swift in Sources */,
				1D63AD90238CF6A6003AABE3 /* ViewController.swift in Sources */,
				1D63AD8C238CF6A6003AABE3 /* AppDelegate.swift in Sources */,
				1D63ADA72396659E003AABE3 /* GuideViewController.swift in Sources */,
				1D63AD8E238CF6A6003AABE3 /* SceneDelegate.swift in Sources */,
				1D63ADA923966727003AABE3 /* BaseViewController.swift in Sources */,
				1D63ADAF23990FC3003AABE3 /* AnimationViewController.swift in Sources */,
				1D63ADB423991198003AABE3 /* CATransitionViewController.swift in Sources */,
				1D63ADAB23966932003AABE3 /* Const.swift in Sources */,
			);
			runOnlyForDeploymentPostprocessing = 0;
		};
/* End PBXSourcesBuildPhase section */

/* Begin PBXVariantGroup section */
		1D63AD91238CF6A6003AABE3 /* Main.storyboard */ = {
			isa = PBXVariantGroup;
			children = (
				1D63AD92238CF6A6003AABE3 /* Base */,
			);
			name = Main.storyboard;
			sourceTree = "<group>";
		};
		1D63AD96238CF6A7003AABE3 /* LaunchScreen.storyboard */ = {
			isa = PBXVariantGroup;
			children = (
				1D63AD97238CF6A7003AABE3 /* Base */,
			);
			name = LaunchScreen.storyboard;
			sourceTree = "<group>";
		};
/* End PBXVariantGroup section */

/* Begin XCBuildConfiguration section */
		1D63AD9A238CF6A7003AABE3 /* Debug */ = {
			isa = XCBuildConfiguration;
			buildSettings = {
				ALWAYS_SEARCH_USER_PATHS = NO;
				CLANG_ANALYZER_NONNULL = YES;
				CLANG_ANALYZER_NUMBER_OBJECT_CONVERSION = YES_AGGRESSIVE;
				CLANG_CXX_LANGUAGE_STANDARD = "gnu++14";
				CLANG_CXX_LIBRARY = "libc++";
				CLANG_ENABLE_MODULES = YES;
				CLANG_ENABLE_OBJC_ARC = YES;
				CLANG_ENABLE_OBJC_WEAK = YES;
				CLANG_WARN_BLOCK_CAPTURE_AUTORELEASING = YES;
				CLANG_WARN_BOOL_CONVERSION = YES;
				CLANG_WARN_COMMA = YES;
				CLANG_WARN_CONSTANT_CONVERSION = YES;
				CLANG_WARN_DEPRECATED_OBJC_IMPLEMENTATIONS = YES;
				CLANG_WARN_DIRECT_OBJC_ISA_USAGE = YES_ERROR;
				CLANG_WARN_DOCUMENTATION_COMMENTS = YES;
				CLANG_WARN_EMPTY_BODY = YES;
				CLANG_WARN_ENUM_CONVERSION = YES;
				CLANG_WARN_INFINITE_RECURSION = YES;
				CLANG_WARN_INT_CONVERSION = YES;
				CLANG_WARN_NON_LITERAL_NULL_CONVERSION = YES;
				CLANG_WARN_OBJC_IMPLICIT_RETAIN_SELF = YES;
				CLANG_WARN_OBJC_LITERAL_CONVERSION = YES;
				CLANG_WARN_OBJC_ROOT_CLASS = YES_ERROR;
				CLANG_WARN_RANGE_LOOP_ANALYSIS = YES;
				CLANG_WARN_STRICT_PROTOTYPES = YES;
				CLANG_WARN_SUSPICIOUS_MOVE = YES;
				CLANG_WARN_UNGUARDED_AVAILABILITY = YES_AGGRESSIVE;
				CLANG_WARN_UNREACHABLE_CODE = YES;
				CLANG_WARN__DUPLICATE_METHOD_MATCH = YES;
				COPY_PHASE_STRIP = NO;
				DEBUG_INFORMATION_FORMAT = dwarf;
				ENABLE_STRICT_OBJC_MSGSEND = YES;
				ENABLE_TESTABILITY = YES;
				GCC_C_LANGUAGE_STANDARD = gnu11;
				GCC_DYNAMIC_NO_PIC = NO;
				GCC_NO_COMMON_BLOCKS = YES;
				GCC_OPTIMIZATION_LEVEL = 0;
				GCC_PREPROCESSOR_DEFINITIONS = (
					"DEBUG=1",
					"$(inherited)",
				);
				GCC_WARN_64_TO_32_BIT_CONVERSION = YES;
				GCC_WARN_ABOUT_RETURN_TYPE = YES_ERROR;
				GCC_WARN_UNDECLARED_SELECTOR = YES;
				GCC_WARN_UNINITIALIZED_AUTOS = YES_AGGRESSIVE;
				GCC_WARN_UNUSED_FUNCTION = YES;
				GCC_WARN_UNUSED_VARIABLE = YES;
				IPHONEOS_DEPLOYMENT_TARGET = 13.2;
				MTL_ENABLE_DEBUG_INFO = INCLUDE_SOURCE;
				MTL_FAST_MATH = YES;
				ONLY_ACTIVE_ARCH = YES;
				SDKROOT = iphoneos;
				SWIFT_ACTIVE_COMPILATION_CONDITIONS = DEBUG;
				SWIFT_OPTIMIZATION_LEVEL = "-Onone";
			};
			name = Debug;
		};
		1D63AD9B238CF6A7003AABE3 /* Release */ = {
			isa = XCBuildConfiguration;
			buildSettings = {
				ALWAYS_SEARCH_USER_PATHS = NO;
				CLANG_ANALYZER_NONNULL = YES;
				CLANG_ANALYZER_NUMBER_OBJECT_CONVERSION = YES_AGGRESSIVE;
				CLANG_CXX_LANGUAGE_STANDARD = "gnu++14";
				CLANG_CXX_LIBRARY = "libc++";
				CLANG_ENABLE_MODULES = YES;
				CLANG_ENABLE_OBJC_ARC = YES;
				CLANG_ENABLE_OBJC_WEAK = YES;
				CLANG_WARN_BLOCK_CAPTURE_AUTORELEASING = YES;
				CLANG_WARN_BOOL_CONVERSION = YES;
				CLANG_WARN_COMMA = YES;
				CLANG_WARN_CONSTANT_CONVERSION = YES;
				CLANG_WARN_DEPRECATED_OBJC_IMPLEMENTATIONS = YES;
				CLANG_WARN_DIRECT_OBJC_ISA_USAGE = YES_ERROR;
				CLANG_WARN_DOCUMENTATION_COMMENTS = YES;
				CLANG_WARN_EMPTY_BODY = YES;
				CLANG_WARN_ENUM_CONVERSION = YES;
				CLANG_WARN_INFINITE_RECURSION = YES;
				CLANG_WARN_INT_CONVERSION = YES;
				CLANG_WARN_NON_LITERAL_NULL_CONVERSION = YES;
				CLANG_WARN_OBJC_IMPLICIT_RETAIN_SELF = YES;
				CLANG_WARN_OBJC_LITERAL_CONVERSION = YES;
				CLANG_WARN_OBJC_ROOT_CLASS = YES_ERROR;
				CLANG_WARN_RANGE_LOOP_ANALYSIS = YES;
				CLANG_WARN_STRICT_PROTOTYPES = YES;
				CLANG_WARN_SUSPICIOUS_MOVE = YES;
				CLANG_WARN_UNGUARDED_AVAILABILITY = YES_AGGRESSIVE;
				CLANG_WARN_UNREACHABLE_CODE = YES;
				CLANG_WARN__DUPLICATE_METHOD_MATCH = YES;
				COPY_PHASE_STRIP = NO;
				DEBUG_INFORMATION_FORMAT = "dwarf-with-dsym";
				ENABLE_NS_ASSERTIONS = NO;
				ENABLE_STRICT_OBJC_MSGSEND = YES;
				GCC_C_LANGUAGE_STANDARD = gnu11;
				GCC_NO_COMMON_BLOCKS = YES;
				GCC_WARN_64_TO_32_BIT_CONVERSION = YES;
				GCC_WARN_ABOUT_RETURN_TYPE = YES_ERROR;
				GCC_WARN_UNDECLARED_SELECTOR = YES;
				GCC_WARN_UNINITIALIZED_AUTOS = YES_AGGRESSIVE;
				GCC_WARN_UNUSED_FUNCTION = YES;
				GCC_WARN_UNUSED_VARIABLE = YES;
				IPHONEOS_DEPLOYMENT_TARGET = 13.2;
				MTL_ENABLE_DEBUG_INFO = NO;
				MTL_FAST_MATH = YES;
				SDKROOT = iphoneos;
				SWIFT_COMPILATION_MODE = wholemodule;
				SWIFT_OPTIMIZATION_LEVEL = "-O";
				VALIDATE_PRODUCT = YES;
			};
			name = Release;
		};
		1D63AD9D238CF6A7003AABE3 /* Debug */ = {
			isa = XCBuildConfiguration;
			buildSettings = {
				ASSETCATALOG_COMPILER_APPICON_NAME = AppIcon;
				CODE_SIGN_STYLE = Automatic;
				DEVELOPMENT_TEAM = KJN5GDHP84;
				INFOPLIST_FILE = CoreAnimationDemo/Info.plist;
				LD_RUNPATH_SEARCH_PATHS = (
					"$(inherited)",
					"@executable_path/Frameworks",
				);
				PRODUCT_BUNDLE_IDENTIFIER = Yunqi.CoreAnimationDemo;
				PRODUCT_NAME = "$(TARGET_NAME)";
				SWIFT_VERSION = 5.0;
				TARGETED_DEVICE_FAMILY = "1,2";
			};
			name = Debug;
		};
		1D63AD9E238CF6A7003AABE3 /* Release */ = {
			isa = XCBuildConfiguration;
			buildSettings = {
				ASSETCATALOG_COMPILER_APPICON_NAME = AppIcon;
				CODE_SIGN_STYLE = Automatic;
				DEVELOPMENT_TEAM = KJN5GDHP84;
				INFOPLIST_FILE = CoreAnimationDemo/Info.plist;
				LD_RUNPATH_SEARCH_PATHS = (
					"$(inherited)",
					"@executable_path/Frameworks",
				);
				PRODUCT_BUNDLE_IDENTIFIER = Yunqi.CoreAnimationDemo;
				PRODUCT_NAME = "$(TARGET_NAME)";
				SWIFT_VERSION = 5.0;
				TARGETED_DEVICE_FAMILY = "1,2";
			};
			name = Release;
		};
/* End XCBuildConfiguration section */

/* Begin XCConfigurationList section */
		1D63AD83238CF6A6003AABE3 /* Build configuration list for PBXProject "CoreAnimationDemo" */ = {
			isa = XCConfigurationList;
			buildConfigurations = (
				1D63AD9A238CF6A7003AABE3 /* Debug */,
				1D63AD9B238CF6A7003AABE3 /* Release */,
			);
			defaultConfigurationIsVisible = 0;
			defaultConfigurationName = Release;
		};
		1D63AD9C238CF6A7003AABE3 /* Build configuration list for PBXNativeTarget "CoreAnimationDemo" */ = {
			isa = XCConfigurationList;
			buildConfigurations = (
				1D63AD9D238CF6A7003AABE3 /* Debug */,
				1D63AD9E238CF6A7003AABE3 /* Release */,
			);
			defaultConfigurationIsVisible = 0;
			defaultConfigurationName = Release;
		};
/* End XCConfigurationList section */
	};
	rootObject = 1D63AD80238CF6A6003AABE3 /* Project object */;
}
